
Microsoft Visual Studio Solution File, Format Version 12.00
# Visual Studio Version 17
VisualStudioVersion = 17.0.31903.59
MinimumVisualStudioVersion = 10.0.40219.1
Project("{FAE04EC0-301F-11D3-BF4B-00C04F79EFBC}") = "SudokuKata", "SudokuKata\SudokuKata.csproj", "{FD4C1158-1EA6-42D9-8A4D-1BE7C12AF586}"
EndProject
Project("{FAE04EC0-301F-11D3-BF4B-00C04F79EFBC}") = "SudokuKata.Tests", "SudokuKata.Tests\SudokuKata.Tests.csproj", "{82EA22B5-6D7C-4387-8EA2-BE1D00738C9D}"
EndProject
Global
	GlobalSection(SolutionConfigurationPlatforms) = preSolution
		Debug|Any CPU = Debug|Any CPU
		Release|Any CPU = Release|Any CPU
	EndGlobalSection
	GlobalSection(SolutionProperties) = preSolution
		HideSolutionNode = FALSE
	EndGlobalSection
	GlobalSection(ProjectConfigurationPlatforms) = postSolution
		{FD4C1158-1EA6-42D9-8A4D-1BE7C12AF586}.Debug|Any CPU.ActiveCfg = Debug|Any CPU
		{FD4C1158-1EA6-42D9-8A4D-1BE7C12AF586}.Debug|Any CPU.Build.0 = Debug|Any CPU
		{FD4C1158-1EA6-42D9-8A4D-1BE7C12AF586}.Release|Any CPU.ActiveCfg = Release|Any CPU
		{FD4C1158-1EA6-42D9-8A4D-1BE7C12AF586}.Release|Any CPU.Build.0 = Release|Any CPU
		{82EA22B5-6D7C-4387-8EA2-BE1D00738C9D}.Debug|Any CPU.ActiveCfg = Debug|Any CPU
		{82EA22B5-6D7C-4387-8EA2-BE1D00738C9D}.Debug|Any CPU.Build.0 = Debug|Any CPU
		{82EA22B5-6D7C-4387-8EA2-BE1D00738C9D}.Release|Any CPU.ActiveCfg = Release|Any CPU
		{82EA22B5-6D7C-4387-8EA2-BE1D00738C9D}.Release|Any CPU.Build.0 = Release|Any CPU
	EndGlobalSection
EndGlobal
